
Microsoft Visual Studio Solution File, Format Version 12.00
# Visual Studio Version 17
VisualStudioVersion = 17.9.34526.213
MinimumVisualStudioVersion = 10.0.40219.1
Project("{FAE04EC0-301F-11D3-BF4B-00C04F79EFBC}") = "ImageSharp", "ImageSharp.csproj", "{B7C1D74F-D2B2-4919-A49D-C1D37573C813}"
EndProject
Global
	GlobalSection(SolutionConfigurationPlatforms) = preSolution
		Debug|Any CPU = Debug|Any CPU
		Release|Any CPU = Release|Any CPU
	EndGlobalSection
	GlobalSection(ProjectConfigurationPlatforms) = postSolution
		{B7C1D74F-D2B2-4919-A49D-C1D37573C813}.Debug|Any CPU.ActiveCfg = Debug|Any CPU
		{B7C1D74F-D2B2-4919-A49D-C1D37573C813}.Debug|Any CPU.Build.0 = Debug|Any CPU
		{B7C1D74F-D2B2-4919-A49D-C1D37573C813}.Release|Any CPU.ActiveCfg = Release|Any CPU
		{B7C1D74F-D2B2-4919-A49D-C1D37573C813}.Release|Any CPU.Build.0 = Release|Any CPU
	EndGlobalSection
	GlobalSection(SolutionProperties) = preSolution
		HideSolutionNode = FALSE
	EndGlobalSection
	GlobalSection(ExtensibilityGlobals) = postSolution
		SolutionGuid = {6D06A6E2-CFFD-4159-AEE2-A1082EB17428}
	EndGlobalSection
EndGlobal
