
Microsoft Visual Studio Solution File, Format Version 12.00
# Visual Studio Version 17
VisualStudioVersion = 17.1.32104.313
MinimumVisualStudioVersion = 10.0.40219.1
Project("{FAE04EC0-301F-11D3-BF4B-00C04F79EFBC}") = "FileService", "FileService\FileService.csproj", "{40ED1A81-9E18-4DEF-BA4A-FC35C55738DB}"
EndProject
Global
	GlobalSection(SolutionConfigurationPlatforms) = preSolution
		Debug|Any CPU = Debug|Any CPU
		Release|Any CPU = Release|Any CPU
	EndGlobalSection
	GlobalSection(ProjectConfigurationPlatforms) = postSolution
		{40ED1A81-9E18-4DEF-BA4A-FC35C55738DB}.Debug|Any CPU.ActiveCfg = Debug|Any CPU
		{40ED1A81-9E18-4DEF-BA4A-FC35C55738DB}.Debug|Any CPU.Build.0 = Debug|Any CPU
		{40ED1A81-9E18-4DEF-BA4A-FC35C55738DB}.Release|Any CPU.ActiveCfg = Release|Any CPU
		{40ED1A81-9E18-4DEF-BA4A-FC35C55738DB}.Release|Any CPU.Build.0 = Release|Any CPU
	EndGlobalSection
	GlobalSection(SolutionProperties) = preSolution
		HideSolutionNode = FALSE
	EndGlobalSection
	GlobalSection(ExtensibilityGlobals) = postSolution
		SolutionGuid = {8F1459A3-9140-4796-8488-09D175BE9ACE}
	EndGlobalSection
EndGlobal
