
Microsoft Visual Studio Solution File, Format Version 12.00
# Visual Studio Version 17
VisualStudioVersion = 17.9.34526.213
MinimumVisualStudioVersion = 10.0.40219.1
Project("{FAE04EC0-301F-11D3-BF4B-00C04F79EFBC}") = "PdfFillFormFields", "PdfFillFormFields.csproj", "{4A39B26D-8D1F-4FCC-A8BD-EA7FDE99459A}"
EndProject
Global
	GlobalSection(SolutionConfigurationPlatforms) = preSolution
		Debug|Any CPU = Debug|Any CPU
		Release|Any CPU = Release|Any CPU
	EndGlobalSection
	GlobalSection(ProjectConfigurationPlatforms) = postSolution
		{4A39B26D-8D1F-4FCC-A8BD-EA7FDE99459A}.Debug|Any CPU.ActiveCfg = Debug|Any CPU
		{4A39B26D-8D1F-4FCC-A8BD-EA7FDE99459A}.Debug|Any CPU.Build.0 = Debug|Any CPU
		{4A39B26D-8D1F-4FCC-A8BD-EA7FDE99459A}.Release|Any CPU.ActiveCfg = Release|Any CPU
		{4A39B26D-8D1F-4FCC-A8BD-EA7FDE99459A}.Release|Any CPU.Build.0 = Release|Any CPU
	EndGlobalSection
	GlobalSection(SolutionProperties) = preSolution
		HideSolutionNode = FALSE
	EndGlobalSection
	GlobalSection(ExtensibilityGlobals) = postSolution
		SolutionGuid = {8D064C66-5325-4970-9332-FA065D48E444}
	EndGlobalSection
EndGlobal
