
Microsoft Visual Studio Solution File, Format Version 12.00
# Visual Studio Version 17
VisualStudioVersion = 17.2.32210.308
MinimumVisualStudioVersion = 10.0.40219.1
Project("{9A19103F-16F7-4668-BE54-9A1E7A4F7556}") = "NetCoderObject", "NetCoderObject\NetCoderObject.csproj", "{63B598DD-DCC8-48DB-9E97-854FDEA98049}"
EndProject
Global
	GlobalSection(SolutionConfigurationPlatforms) = preSolution
		Debug|Any CPU = Debug|Any CPU
		Release|Any CPU = Release|Any CPU
	EndGlobalSection
	GlobalSection(ProjectConfigurationPlatforms) = postSolution
		{63B598DD-DCC8-48DB-9E97-854FDEA98049}.Debug|Any CPU.ActiveCfg = Debug|Any CPU
		{63B598DD-DCC8-48DB-9E97-854FDEA98049}.Debug|Any CPU.Build.0 = Debug|Any CPU
		{63B598DD-DCC8-48DB-9E97-854FDEA98049}.Release|Any CPU.ActiveCfg = Release|Any CPU
		{63B598DD-DCC8-48DB-9E97-854FDEA98049}.Release|Any CPU.Build.0 = Release|Any CPU
	EndGlobalSection
	GlobalSection(SolutionProperties) = preSolution
		HideSolutionNode = FALSE
	EndGlobalSection
	GlobalSection(ExtensibilityGlobals) = postSolution
		SolutionGuid = {16E1970E-83DC-40D8-A79E-52F5D2185AEB}
	EndGlobalSection
EndGlobal
