Microsoft Visual Studio Solution File, Format Version 12.00
# Visual Studio Version 16
VisualStudioVersion = 16.0.31005.135
MinimumVisualStudioVersion = 10.0.40219.1
Project("{9A19103F-16F7-4668-BE54-9A1E7A4F7556}") = "SecurityApi", "SecurityApi\SecurityApi.csproj", "{73A606DB-8055-4EDE-BF74-B0B4725475C3}"
EndProject
Global
	GlobalSection(SolutionProperties) = preSolution
		HideSolutionNode = FALSE
	EndGlobalSection

	GlobalSection(ExtensibilityGlobals) = postSolution
		SolutionGuid = {7E6B2D22-FB2B-4B3B-AB35-5B58432E5E80}
	EndGlobalSection

	GlobalSection(SolutionConfigurationPlatforms) = preSolution
		Debug|Any CPU = Debug|Any CPU
		Release|Any CPU = Release|Any CPU
	EndGlobalSection

	GlobalSection(ProjectConfigurationPlatforms) = postSolution
		{73A606DB-8055-4EDE-BF74-B0B4725475C3}.Debug|Any CPU.ActiveCfg = Debug|Any CPU
		{73A606DB-8055-4EDE-BF74-B0B4725475C3}.Debug|Any CPU.Build.0 = Debug|Any CPU
		{73A606DB-8055-4EDE-BF74-B0B4725475C3}.Release|Any CPU.ActiveCfg = Release|Any CPU
		{73A606DB-8055-4EDE-BF74-B0B4725475C3}.Release|Any CPU.Build.0 = Release|Any CPU
	EndGlobalSection

EndGlobal
